
Microsoft Visual Studio Solution File, Format Version 12.00
# Visual Studio Version 16
VisualStudioVersion = 16.0.31729.503
MinimumVisualStudioVersion = 10.0.40219.1
Project("{FAE04EC0-301F-11D3-BF4B-00C04F79EFBC}") = "WalletAPI", "WalletAPI.csproj", "{0C3BD955-8916-4715-9B16-6F8022126782}"
EndProject
Project("{9A19103F-16F7-4668-BE54-9A1E7A4F7556}") = "Infrastructure", "..\Infrastructure\Infrastructure.csproj", "{F2370997-E4A1-48D5-800F-05298806CD0B}"
EndProject
Project("{FAE04EC0-301F-11D3-BF4B-00C04F79EFBC}") = "WalletCore", "..\WalletCore\WalletCore.csproj", "{A47D73B0-9140-479C-A492-DC8750B6E47B}"
EndProject
Global
	GlobalSection(SolutionConfigurationPlatforms) = preSolution
		Debug|Any CPU = Debug|Any CPU
		Release|Any CPU = Release|Any CPU
	EndGlobalSection
	GlobalSection(ProjectConfigurationPlatforms) = postSolution
		{0C3BD955-8916-4715-9B16-6F8022126782}.Debug|Any CPU.ActiveCfg = Debug|Any CPU
		{0C3BD955-8916-4715-9B16-6F8022126782}.Debug|Any CPU.Build.0 = Debug|Any CPU
		{0C3BD955-8916-4715-9B16-6F8022126782}.Release|Any CPU.ActiveCfg = Release|Any CPU
		{0C3BD955-8916-4715-9B16-6F8022126782}.Release|Any CPU.Build.0 = Release|Any CPU
		{F2370997-E4A1-48D5-800F-05298806CD0B}.Debug|Any CPU.ActiveCfg = Debug|Any CPU
		{F2370997-E4A1-48D5-800F-05298806CD0B}.Debug|Any CPU.Build.0 = Debug|Any CPU
		{F2370997-E4A1-48D5-800F-05298806CD0B}.Release|Any CPU.ActiveCfg = Release|Any CPU
		{F2370997-E4A1-48D5-800F-05298806CD0B}.Release|Any CPU.Build.0 = Release|Any CPU
		{A47D73B0-9140-479C-A492-DC8750B6E47B}.Debug|Any CPU.ActiveCfg = Debug|Any CPU
		{A47D73B0-9140-479C-A492-DC8750B6E47B}.Debug|Any CPU.Build.0 = Debug|Any CPU
		{A47D73B0-9140-479C-A492-DC8750B6E47B}.Release|Any CPU.ActiveCfg = Release|Any CPU
		{A47D73B0-9140-479C-A492-DC8750B6E47B}.Release|Any CPU.Build.0 = Release|Any CPU
	EndGlobalSection
	GlobalSection(SolutionProperties) = preSolution
		HideSolutionNode = FALSE
	EndGlobalSection
	GlobalSection(ExtensibilityGlobals) = postSolution
		SolutionGuid = {34038310-9D69-4FE9-8D51-94B59CB01A94}
	EndGlobalSection
EndGlobal
